// !$*UTF8*$!
{
	archiveVersion = 1;
	classes = {
	};
	objectVersion = 46;
	objects = {

/* Begin PBXBuildFile section */
		F01544A91F5651C300FCD758 /* icon_attributeNormal.png in Resources */ = {isa = PBXBuildFile; fileRef = F01544A71F5651C300FCD758 /* icon_attributeNormal.png */; };
		F01544AA1F5651C300FCD758 /* icon_attributeSelect.png in Resources */ = {isa = PBXBuildFile; fileRef = F01544A81F5651C300FCD758 /* icon_attributeSelect.png */; };
		F01544AD1F56540900FCD758 /* icon_jia.png in Resources */ = {isa = PBXBuildFile; fileRef = F01544AB1F56540900FCD758 /* icon_jia.png */; };
		F01544AE1F56540900FCD758 /* icon_jian.png in Resources */ = {isa = PBXBuildFile; fileRef = F01544AC1F56540900FCD758 /* icon_jian.png */; };
		F0338D231F5503C000B28AFE /* main.m in Sources */ = {isa = PBXBuildFile; fileRef = F0338D221F5503C000B28AFE /* main.m */; };
		F0338D261F5503C000B28AFE /* AppDelegate.m in Sources */ = {isa = PBXBuildFile; fileRef = F0338D251F5503C000B28AFE /* AppDelegate.m */; };
		F0338D291F5503C000B28AFE /* ViewController.m in Sources */ = {isa = PBXBuildFile; fileRef = F0338D281F5503C000B28AFE /* ViewController.m */; };
		F0338D2C1F5503C000B28AFE /* Main.storyboard in Resources */ = {isa = PBXBuildFile; fileRef = F0338D2A1F5503C000B28AFE /* Main.storyboard */; };
		F0338D2E1F5503C000B28AFE /* Assets.xcassets in Resources */ = {isa = PBXBuildFile; fileRef = F0338D2D1F5503C000B28AFE /* Assets.xcassets */; };
		F0338D311F5503C000B28AFE /* LaunchScreen.storyboard in Resources */ = {isa = PBXBuildFile; fileRef = F0338D2F1F5503C000B28AFE /* LaunchScreen.storyboard */; };
		F0338D3C1F5503C000B28AFE /* TaoBaoShoppingCartTests.m in Sources */ = {isa = PBXBuildFile; fileRef = F0338D3B1F5503C000B28AFE /* TaoBaoShoppingCartTests.m */; };
		F0338D471F5503C100B28AFE /* TaoBaoShoppingCartUITests.m in Sources */ = {isa = PBXBuildFile; fileRef = F0338D461F5503C100B28AFE /* TaoBaoShoppingCartUITests.m */; };
		F0338D591F55085900B28AFE /* ChooseCategoryView.m in Sources */ = {isa = PBXBuildFile; fileRef = F0338D581F55085900B28AFE /* ChooseCategoryView.m */; };
		F0338D5C1F5508C700B28AFE /* StoreProjectDetailModule.m in Sources */ = {isa = PBXBuildFile; fileRef = F0338D5B1F5508C700B28AFE /* StoreProjectDetailModule.m */; };
		F0338D5F1F5509C000B28AFE /* UIKit.framework in Frameworks */ = {isa = PBXBuildFile; fileRef = F0338D5E1F5509C000B28AFE /* UIKit.framework */; };
		F0338D611F5509ED00B28AFE /* CoreFoundation.framework in Frameworks */ = {isa = PBXBuildFile; fileRef = F0338D601F5509ED00B28AFE /* CoreFoundation.framework */; };
		F0338D631F55139500B28AFE /* DataJson.json in Resources */ = {isa = PBXBuildFile; fileRef = F0338D621F55139500B28AFE /* DataJson.json */; };
		F0338D661F55142500B28AFE /* Unit.m in Sources */ = {isa = PBXBuildFile; fileRef = F0338D651F55142500B28AFE /* Unit.m */; };
		F0338D691F5514A500B28AFE /* ChooseAttributeModel.m in Sources */ = {isa = PBXBuildFile; fileRef = F0338D681F5514A500B28AFE /* ChooseAttributeModel.m */; };
		F0338D6E1F55173D00B28AFE /* GoodsBuyCountView.m in Sources */ = {isa = PBXBuildFile; fileRef = F0338D6B1F55173D00B28AFE /* GoodsBuyCountView.m */; };
		F0338D6F1F55173D00B28AFE /* GoodsCatagoryView.m in Sources */ = {isa = PBXBuildFile; fileRef = F0338D6D1F55173D00B28AFE /* GoodsCatagoryView.m */; };
		F0338D791F5517A000B28AFE /* SVIndefiniteAnimatedView.m in Sources */ = {isa = PBXBuildFile; fileRef = F0338D721F5517A000B28AFE /* SVIndefiniteAnimatedView.m */; };
		F0338D7A1F5517A000B28AFE /* SVProgressHUD.bundle in Resources */ = {isa = PBXBuildFile; fileRef = F0338D741F5517A000B28AFE /* SVProgressHUD.bundle */; };
		F0338D7B1F5517A000B28AFE /* SVProgressHUD.m in Sources */ = {isa = PBXBuildFile; fileRef = F0338D761F5517A000B28AFE /* SVProgressHUD.m */; };
		F0338D7C1F5517A000B28AFE /* SVRadialGradientLayer.m in Sources */ = {isa = PBXBuildFile; fileRef = F0338D781F5517A000B28AFE /* SVRadialGradientLayer.m */; };
/* End PBXBuildFile section */

/* Begin PBXContainerItemProxy section */
		F0338D381F5503C000B28AFE /* PBXContainerItemProxy */ = {
			isa = PBXContainerItemProxy;
			containerPortal = F0338D161F5503C000B28AFE /* Project object */;
			proxyType = 1;
			remoteGlobalIDString = F0338D1D1F5503C000B28AFE;
			remoteInfo = TaoBaoShoppingCart;
		};
		F0338D431F5503C100B28AFE /* PBXContainerItemProxy */ = {
			isa = PBXContainerItemProxy;
			containerPortal = F0338D161F5503C000B28AFE /* Project object */;
			proxyType = 1;
			remoteGlobalIDString = F0338D1D1F5503C000B28AFE;
			remoteInfo = TaoBaoShoppingCart;
		};
/* End PBXContainerItemProxy section */

/* Begin PBXFileReference section */
		F01544A71F5651C300FCD758 /* icon_attributeNormal.png */ = {isa = PBXFileReference; lastKnownFileType = image.png; path = icon_attributeNormal.png; sourceTree = "<group>"; };
		F01544A81F5651C300FCD758 /* icon_attributeSelect.png */ = {isa = PBXFileReference; lastKnownFileType = image.png; path = icon_attributeSelect.png; sourceTree = "<group>"; };
		F01544AB1F56540900FCD758 /* icon_jia.png */ = {isa = PBXFileReference; lastKnownFileType = image.png; path = icon_jia.png; sourceTree = "<group>"; };
		F01544AC1F56540900FCD758 /* icon_jian.png */ = {isa = PBXFileReference; lastKnownFileType = image.png; path = icon_jian.png; sourceTree = "<group>"; };
		F0338D1E1F5503C000B28AFE /* TaoBaoShoppingCart.app */ = {isa = PBXFileReference; explicitFileType = wrapper.application; includeInIndex = 0; path = TaoBaoShoppingCart.app; sourceTree = BUILT_PRODUCTS_DIR; };
		F0338D221F5503C000B28AFE /* main.m */ = {isa = PBXFileReference; lastKnownFileType = sourcecode.c.objc; path = main.m; sourceTree = "<group>"; };
		F0338D241F5503C000B28AFE /* AppDelegate.h */ = {isa = PBXFileReference; lastKnownFileType = sourcecode.c.h; path = AppDelegate.h; sourceTree = "<group>"; };
		F0338D251F5503C000B28AFE /* AppDelegate.m */ = {isa = PBXFileReference; lastKnownFileType = sourcecode.c.objc; path = AppDelegate.m; sourceTree = "<group>"; };
		F0338D271F5503C000B28AFE /* ViewController.h */ = {isa = PBXFileReference; lastKnownFileType = sourcecode.c.h; path = ViewController.h; sourceTree = "<group>"; };
		F0338D281F5503C000B28AFE /* ViewController.m */ = {isa = PBXFileReference; lastKnownFileType = sourcecode.c.objc; path = ViewController.m; sourceTree = "<group>"; };
		F0338D2B1F5503C000B28AFE /* Base */ = {isa = PBXFileReference; lastKnownFileType = file.storyboard; name = Base; path = Base.lproj/Main.storyboard; sourceTree = "<group>"; };
		F0338D2D1F5503C000B28AFE /* Assets.xcassets */ = {isa = PBXFileReference; lastKnownFileType = folder.assetcatalog; path = Assets.xcassets; sourceTree = "<group>"; };
		F0338D301F5503C000B28AFE /* Base */ = {isa = PBXFileReference; lastKnownFileType = file.storyboard; name = Base; path = Base.lproj/LaunchScreen.storyboard; sourceTree = "<group>"; };
		F0338D321F5503C000B28AFE /* Info.plist */ = {isa = PBXFileReference; lastKnownFileType = text.plist.xml; path = Info.plist; sourceTree = "<group>"; };
		F0338D371F5503C000B28AFE /* TaoBaoShoppingCartTests.xctest */ = {isa = PBXFileReference; explicitFileType = wrapper.cfbundle; includeInIndex = 0; path = TaoBaoShoppingCartTests.xctest; sourceTree = BUILT_PRODUCTS_DIR; };
		F0338D3B1F5503C000B28AFE /* TaoBaoShoppingCartTests.m */ = {isa = PBXFileReference; lastKnownFileType = sourcecode.c.objc; path = TaoBaoShoppingCartTests.m; sourceTree = "<group>"; };
		F0338D3D1F5503C000B28AFE /* Info.plist */ = {isa = PBXFileReference; lastKnownFileType = text.plist.xml; path = Info.plist; sourceTree = "<group>"; };
		F0338D421F5503C100B28AFE /* TaoBaoShoppingCartUITests.xctest */ = {isa = PBXFileReference; explicitFileType = wrapper.cfbundle; includeInIndex = 0; path = TaoBaoShoppingCartUITests.xctest; sourceTree = BUILT_PRODUCTS_DIR; };
		F0338D461F5503C100B28AFE /* TaoBaoShoppingCartUITests.m */ = {isa = PBXFileReference; lastKnownFileType = sourcecode.c.objc; path = TaoBaoShoppingCartUITests.m; sourceTree = "<group>"; };
		F0338D481F5503C100B28AFE /* Info.plist */ = {isa = PBXFileReference; lastKnownFileType = text.plist.xml; path = Info.plist; sourceTree = "<group>"; };
		F0338D541F5506BF00B28AFE /* BasicDefine.h */ = {isa = PBXFileReference; lastKnownFileType = sourcecode.c.h; path = BasicDefine.h; sourceTree = "<group>"; };
		F0338D571F55085900B28AFE /* ChooseCategoryView.h */ = {isa = PBXFileReference; fileEncoding = 4; lastKnownFileType = sourcecode.c.h; path = ChooseCategoryView.h; sourceTree = "<group>"; };
		F0338D581F55085900B28AFE /* ChooseCategoryView.m */ = {isa = PBXFileReference; fileEncoding = 4; lastKnownFileType = sourcecode.c.objc; path = ChooseCategoryView.m; sourceTree = "<group>"; };
		F0338D5A1F5508C700B28AFE /* StoreProjectDetailModule.h */ = {isa = PBXFileReference; fileEncoding = 4; lastKnownFileType = sourcecode.c.h; path = StoreProjectDetailModule.h; sourceTree = "<group>"; };
		F0338D5B1F5508C700B28AFE /* StoreProjectDetailModule.m */ = {isa = PBXFileReference; fileEncoding = 4; lastKnownFileType = sourcecode.c.objc; path = StoreProjectDetailModule.m; sourceTree = "<group>"; };
		F0338D5E1F5509C000B28AFE /* UIKit.framework */ = {isa = PBXFileReference; lastKnownFileType = wrapper.framework; name = UIKit.framework; path = System/Library/Frameworks/UIKit.framework; sourceTree = SDKROOT; };
		F0338D601F5509ED00B28AFE /* CoreFoundation.framework */ = {isa = PBXFileReference; lastKnownFileType = wrapper.framework; name = CoreFoundation.framework; path = System/Library/Frameworks/CoreFoundation.framework; sourceTree = SDKROOT; };
		F0338D621F55139500B28AFE /* DataJson.json */ = {isa = PBXFileReference; fileEncoding = 4; lastKnownFileType = text.json; path = DataJson.json; sourceTree = "<group>"; };
		F0338D641F55142500B28AFE /* Unit.h */ = {isa = PBXFileReference; fileEncoding = 4; lastKnownFileType = sourcecode.c.h; path = Unit.h; sourceTree = "<group>"; };
		F0338D651F55142500B28AFE /* Unit.m */ = {isa = PBXFileReference; fileEncoding = 4; lastKnownFileType = sourcecode.c.objc; path = Unit.m; sourceTree = "<group>"; };
		F0338D671F5514A500B28AFE /* ChooseAttributeModel.h */ = {isa = PBXFileReference; fileEncoding = 4; lastKnownFileType = sourcecode.c.h; path = ChooseAttributeModel.h; sourceTree = "<group>"; };
		F0338D681F5514A500B28AFE /* ChooseAttributeModel.m */ = {isa = PBXFileReference; fileEncoding = 4; lastKnownFileType = sourcecode.c.objc; path = ChooseAttributeModel.m; sourceTree = "<group>"; };
		F0338D6A1F55173D00B28AFE /* GoodsBuyCountView.h */ = {isa = PBXFileReference; fileEncoding = 4; lastKnownFileType = sourcecode.c.h; path = GoodsBuyCountView.h; sourceTree = "<group>"; };
		F0338D6B1F55173D00B28AFE /* GoodsBuyCountView.m */ = {isa = PBXFileReference; fileEncoding = 4; lastKnownFileType = sourcecode.c.objc; path = GoodsBuyCountView.m; sourceTree = "<group>"; };
		F0338D6C1F55173D00B28AFE /* GoodsCatagoryView.h */ = {isa = PBXFileReference; fileEncoding = 4; lastKnownFileType = sourcecode.c.h; path = GoodsCatagoryView.h; sourceTree = "<group>"; };
		F0338D6D1F55173D00B28AFE /* GoodsCatagoryView.m */ = {isa = PBXFileReference; fileEncoding = 4; lastKnownFileType = sourcecode.c.objc; path = GoodsCatagoryView.m; sourceTree = "<group>"; };
		F0338D711F5517A000B28AFE /* SVIndefiniteAnimatedView.h */ = {isa = PBXFileReference; fileEncoding = 4; lastKnownFileType = sourcecode.c.h; path = SVIndefiniteAnimatedView.h; sourceTree = "<group>"; };
		F0338D721F5517A000B28AFE /* SVIndefiniteAnimatedView.m */ = {isa = PBXFileReference; fileEncoding = 4; lastKnownFileType = sourcecode.c.objc; path = SVIndefiniteAnimatedView.m; sourceTree = "<group>"; };
		F0338D731F5517A000B28AFE /* SVProgressHUD-Prefix.pch */ = {isa = PBXFileReference; fileEncoding = 4; lastKnownFileType = sourcecode.c.h; path = "SVProgressHUD-Prefix.pch"; sourceTree = "<group>"; };
		F0338D741F5517A000B28AFE /* SVProgressHUD.bundle */ = {isa = PBXFileReference; lastKnownFileType = "wrapper.plug-in"; path = SVProgressHUD.bundle; sourceTree = "<group>"; };
		F0338D751F5517A000B28AFE /* SVProgressHUD.h */ = {isa = PBXFileReference; fileEncoding = 4; lastKnownFileType = sourcecode.c.h; path = SVProgressHUD.h; sourceTree = "<group>"; };
		F0338D761F5517A000B28AFE /* SVProgressHUD.m */ = {isa = PBXFileReference; fileEncoding = 4; lastKnownFileType = sourcecode.c.objc; path = SVProgressHUD.m; sourceTree = "<group>"; };
		F0338D771F5517A000B28AFE /* SVRadialGradientLayer.h */ = {isa = PBXFileReference; fileEncoding = 4; lastKnownFileType = sourcecode.c.h; path = SVRadialGradientLayer.h; sourceTree = "<group>"; };
		F0338D781F5517A000B28AFE /* SVRadialGradientLayer.m */ = {isa = PBXFileReference; fileEncoding = 4; lastKnownFileType = sourcecode.c.objc; path = SVRadialGradientLayer.m; sourceTree = "<group>"; };
/* End PBXFileReference section */

/* Begin PBXFrameworksBuildPhase section */
		F0338D1B1F5503C000B28AFE /* Frameworks */ = {
			isa = PBXFrameworksBuildPhase;
			buildActionMask = 2147483647;
			files = (
				F0338D611F5509ED00B28AFE /* CoreFoundation.framework in Frameworks */,
				F0338D5F1F5509C000B28AFE /* UIKit.framework in Frameworks */,
			);
			runOnlyForDeploymentPostprocessing = 0;
		};
		F0338D341F5503C000B28AFE /* Frameworks */ = {
			isa = PBXFrameworksBuildPhase;
			buildActionMask = 2147483647;
			files = (
			);
			runOnlyForDeploymentPostprocessing = 0;
		};
		F0338D3F1F5503C100B28AFE /* Frameworks */ = {
			isa = PBXFrameworksBuildPhase;
			buildActionMask = 2147483647;
			files = (
			);
			runOnlyForDeploymentPostprocessing = 0;
		};
/* End PBXFrameworksBuildPhase section */

/* Begin PBXGroup section */
		F0338D151F5503C000B28AFE = {
			isa = PBXGroup;
			children = (
				F0338D201F5503C000B28AFE /* TaoBaoShoppingCart */,
				F0338D3A1F5503C000B28AFE /* TaoBaoShoppingCartTests */,
				F0338D451F5503C100B28AFE /* TaoBaoShoppingCartUITests */,
				F0338D1F1F5503C000B28AFE /* Products */,
				F0338D5D1F5509C000B28AFE /* Frameworks */,
			);
			sourceTree = "<group>";
		};
		F0338D1F1F5503C000B28AFE /* Products */ = {
			isa = PBXGroup;
			children = (
				F0338D1E1F5503C000B28AFE /* TaoBaoShoppingCart.app */,
				F0338D371F5503C000B28AFE /* TaoBaoShoppingCartTests.xctest */,
				F0338D421F5503C100B28AFE /* TaoBaoShoppingCartUITests.xctest */,
			);
			name = Products;
			sourceTree = "<group>";
		};
		F0338D201F5503C000B28AFE /* TaoBaoShoppingCart */ = {
			isa = PBXGroup;
			children = (
				F0338D701F5517A000B28AFE /* SVProgressHUD */,
				F0338D551F55085900B28AFE /* Model */,
				F0338D561F55085900B28AFE /* View */,
				F0338D241F5503C000B28AFE /* AppDelegate.h */,
				F0338D251F5503C000B28AFE /* AppDelegate.m */,
				F0338D271F5503C000B28AFE /* ViewController.h */,
				F0338D281F5503C000B28AFE /* ViewController.m */,
				F0338D2A1F5503C000B28AFE /* Main.storyboard */,
				F0338D2D1F5503C000B28AFE /* Assets.xcassets */,
				F0338D2F1F5503C000B28AFE /* LaunchScreen.storyboard */,
				F0338D321F5503C000B28AFE /* Info.plist */,
				F0338D211F5503C000B28AFE /* Supporting Files */,
			);
			path = TaoBaoShoppingCart;
			sourceTree = "<group>";
		};
		F0338D211F5503C000B28AFE /* Supporting Files */ = {
			isa = PBXGroup;
			children = (
				F0338D541F5506BF00B28AFE /* BasicDefine.h */,
				F01544AB1F56540900FCD758 /* icon_jia.png */,
				F01544AC1F56540900FCD758 /* icon_jian.png */,
				F01544A71F5651C300FCD758 /* icon_attributeNormal.png */,
				F01544A81F5651C300FCD758 /* icon_attributeSelect.png */,
				F0338D641F55142500B28AFE /* Unit.h */,
				F0338D651F55142500B28AFE /* Unit.m */,
				F0338D621F55139500B28AFE /* DataJson.json */,
				F0338D221F5503C000B28AFE /* main.m */,
			);
			name = "Supporting Files";
			sourceTree = "<group>";
		};
		F0338D3A1F5503C000B28AFE /* TaoBaoShoppingCartTests */ = {
			isa = PBXGroup;
			children = (
				F0338D3B1F5503C000B28AFE /* TaoBaoShoppingCartTests.m */,
				F0338D3D1F5503C000B28AFE /* Info.plist */,
			);
			path = TaoBaoShoppingCartTests;
			sourceTree = "<group>";
		};
		F0338D451F5503C100B28AFE /* TaoBaoShoppingCartUITests */ = {
			isa = PBXGroup;
			children = (
				F0338D461F5503C100B28AFE /* TaoBaoShoppingCartUITests.m */,
				F0338D481F5503C100B28AFE /* Info.plist */,
			);
			path = TaoBaoShoppingCartUITests;
			sourceTree = "<group>";
		};
		F0338D551F55085900B28AFE /* Model */ = {
			isa = PBXGroup;
			children = (
				F0338D671F5514A500B28AFE /* ChooseAttributeModel.h */,
				F0338D681F5514A500B28AFE /* ChooseAttributeModel.m */,
				F0338D5A1F5508C700B28AFE /* StoreProjectDetailModule.h */,
				F0338D5B1F5508C700B28AFE /* StoreProjectDetailModule.m */,
			);
			path = Model;
			sourceTree = "<group>";
		};
		F0338D561F55085900B28AFE /* View */ = {
			isa = PBXGroup;
			children = (
				F0338D571F55085900B28AFE /* ChooseCategoryView.h */,
				F0338D581F55085900B28AFE /* ChooseCategoryView.m */,
				F0338D6A1F55173D00B28AFE /* GoodsBuyCountView.h */,
				F0338D6B1F55173D00B28AFE /* GoodsBuyCountView.m */,
				F0338D6C1F55173D00B28AFE /* GoodsCatagoryView.h */,
				F0338D6D1F55173D00B28AFE /* GoodsCatagoryView.m */,
			);
			path = View;
			sourceTree = "<group>";
		};
		F0338D5D1F5509C000B28AFE /* Frameworks */ = {
			isa = PBXGroup;
			children = (
				F0338D601F5509ED00B28AFE /* CoreFoundation.framework */,
				F0338D5E1F5509C000B28AFE /* UIKit.framework */,
			);
			name = Frameworks;
			sourceTree = "<group>";
		};
		F0338D701F5517A000B28AFE /* SVProgressHUD */ = {
			isa = PBXGroup;
			children = (
				F0338D711F5517A000B28AFE /* SVIndefiniteAnimatedView.h */,
				F0338D721F5517A000B28AFE /* SVIndefiniteAnimatedView.m */,
				F0338D731F5517A000B28AFE /* SVProgressHUD-Prefix.pch */,
				F0338D741F5517A000B28AFE /* SVProgressHUD.bundle */,
				F0338D751F5517A000B28AFE /* SVProgressHUD.h */,
				F0338D761F5517A000B28AFE /* SVProgressHUD.m */,
				F0338D771F5517A000B28AFE /* SVRadialGradientLayer.h */,
				F0338D781F5517A000B28AFE /* SVRadialGradientLayer.m */,
			);
			path = SVProgressHUD;
			sourceTree = "<group>";
		};
/* End PBXGroup section */

/* Begin PBXNativeTarget section */
		F0338D1D1F5503C000B28AFE /* TaoBaoShoppingCart */ = {
			isa = PBXNativeTarget;
			buildConfigurationList = F0338D4B1F5503C100B28AFE /* Build configuration list for PBXNativeTarget "TaoBaoShoppingCart" */;
			buildPhases = (
				F0338D1A1F5503C000B28AFE /* Sources */,
				F0338D1B1F5503C000B28AFE /* Frameworks */,
				F0338D1C1F5503C000B28AFE /* Resources */,
			);
			buildRules = (
			);
			dependencies = (
			);
			name = TaoBaoShoppingCart;
			productName = TaoBaoShoppingCart;
			productReference = F0338D1E1F5503C000B28AFE /* TaoBaoShoppingCart.app */;
			productType = "com.apple.product-type.application";
		};
		F0338D361F5503C000B28AFE /* TaoBaoShoppingCartTests */ = {
			isa = PBXNativeTarget;
			buildConfigurationList = F0338D4E1F5503C100B28AFE /* Build configuration list for PBXNativeTarget "TaoBaoShoppingCartTests" */;
			buildPhases = (
				F0338D331F5503C000B28AFE /* Sources */,
				F0338D341F5503C000B28AFE /* Frameworks */,
				F0338D351F5503C000B28AFE /* Resources */,
			);
			buildRules = (
			);
			dependencies = (
				F0338D391F5503C000B28AFE /* PBXTargetDependency */,
			);
			name = TaoBaoShoppingCartTests;
			productName = TaoBaoShoppingCartTests;
			productReference = F0338D371F5503C000B28AFE /* TaoBaoShoppingCartTests.xctest */;
			productType = "com.apple.product-type.bundle.unit-test";
		};
		F0338D411F5503C100B28AFE /* TaoBaoShoppingCartUITests */ = {
			isa = PBXNativeTarget;
			buildConfigurationList = F0338D511F5503C100B28AFE /* Build configuration list for PBXNativeTarget "TaoBaoShoppingCartUITests" */;
			buildPhases = (
				F0338D3E1F5503C100B28AFE /* Sources */,
				F0338D3F1F5503C100B28AFE /* Frameworks */,
				F0338D401F5503C100B28AFE /* Resources */,
			);
			buildRules = (
			);
			dependencies = (
				F0338D441F5503C100B28AFE /* PBXTargetDependency */,
			);
			name = TaoBaoShoppingCartUITests;
			productName = TaoBaoShoppingCartUITests;
			productReference = F0338D421F5503C100B28AFE /* TaoBaoShoppingCartUITests.xctest */;
			productType = "com.apple.product-type.bundle.ui-testing";
		};
/* End PBXNativeTarget section */

/* Begin PBXProject section */
		F0338D161F5503C000B28AFE /* Project object */ = {
			isa = PBXProject;
			attributes = {
				LastUpgradeCheck = 0830;
				ORGANIZATIONNAME = Yxl;
				TargetAttributes = {
					F0338D1D1F5503C000B28AFE = {
						CreatedOnToolsVersion = 8.3.3;
						DevelopmentTeam = 35L7CBZD9J;
						ProvisioningStyle = Automatic;
					};
					F0338D361F5503C000B28AFE = {
						CreatedOnToolsVersion = 8.3.3;
						DevelopmentTeam = 35L7CBZD9J;
						ProvisioningStyle = Automatic;
						TestTargetID = F0338D1D1F5503C000B28AFE;
					};
					F0338D411F5503C100B28AFE = {
						CreatedOnToolsVersion = 8.3.3;
						DevelopmentTeam = 35L7CBZD9J;
						ProvisioningStyle = Automatic;
						TestTargetID = F0338D1D1F5503C000B28AFE;
					};
				};
			};
			buildConfigurationList = F0338D191F5503C000B28AFE /* Build configuration list for PBXProject "TaoBaoShoppingCart" */;
			compatibilityVersion = "Xcode 3.2";
			developmentRegion = English;
			hasScannedForEncodings = 0;
			knownRegions = (
				en,
				Base,
			);
			mainGroup = F0338D151F5503C000B28AFE;
			productRefGroup = F0338D1F1F5503C000B28AFE /* Products */;
			projectDirPath = "";
			projectRoot = "";
			targets = (
				F0338D1D1F5503C000B28AFE /* TaoBaoShoppingCart */,
				F0338D361F5503C000B28AFE /* TaoBaoShoppingCartTests */,
				F0338D411F5503C100B28AFE /* TaoBaoShoppingCartUITests */,
			);
		};
/* End PBXProject section */

/* Begin PBXResourcesBuildPhase section */
		F0338D1C1F5503C000B28AFE /* Resources */ = {
			isa = PBXResourcesBuildPhase;
			buildActionMask = 2147483647;
			files = (
				F01544AA1F5651C300FCD758 /* icon_attributeSelect.png in Resources */,
				F0338D7A1F5517A000B28AFE /* SVProgressHUD.bundle in Resources */,
				F01544AE1F56540900FCD758 /* icon_jian.png in Resources */,
				F0338D311F5503C000B28AFE /* LaunchScreen.storyboard in Resources */,
				F01544AD1F56540900FCD758 /* icon_jia.png in Resources */,
				F01544A91F5651C300FCD758 /* icon_attributeNormal.png in Resources */,
				F0338D631F55139500B28AFE /* DataJson.json in Resources */,
				F0338D2E1F5503C000B28AFE /* Assets.xcassets in Resources */,
				F0338D2C1F5503C000B28AFE /* Main.storyboard in Resources */,
			);
			runOnlyForDeploymentPostprocessing = 0;
		};
		F0338D351F5503C000B28AFE /* Resources */ = {
			isa = PBXResourcesBuildPhase;
			buildActionMask = 2147483647;
			files = (
			);
			runOnlyForDeploymentPostprocessing = 0;
		};
		F0338D401F5503C100B28AFE /* Resources */ = {
			isa = PBXResourcesBuildPhase;
			buildActionMask = 2147483647;
			files = (
			);
			runOnlyForDeploymentPostprocessing = 0;
		};
/* End PBXResourcesBuildPhase section */

/* Begin PBXSourcesBuildPhase section */
		F0338D1A1F5503C000B28AFE /* Sources */ = {
			isa = PBXSourcesBuildPhase;
			buildActionMask = 2147483647;
			files = (
				F0338D291F5503C000B28AFE /* ViewController.m in Sources */,
				F0338D5C1F5508C700B28AFE /* StoreProjectDetailModule.m in Sources */,
				F0338D6F1F55173D00B28AFE /* GoodsCatagoryView.m in Sources */,
				F0338D591F55085900B28AFE /* ChooseCategoryView.m in Sources */,
				F0338D661F55142500B28AFE /* Unit.m in Sources */,
				F0338D791F5517A000B28AFE /* SVIndefiniteAnimatedView.m in Sources */,
				F0338D261F5503C000B28AFE /* AppDelegate.m in Sources */,
				F0338D7C1F5517A000B28AFE /* SVRadialGradientLayer.m in Sources */,
				F0338D691F5514A500B28AFE /* ChooseAttributeModel.m in Sources */,
				F0338D6E1F55173D00B28AFE /* GoodsBuyCountView.m in Sources */,
				F0338D7B1F5517A000B28AFE /* SVProgressHUD.m in Sources */,
				F0338D231F5503C000B28AFE /* main.m in Sources */,
			);
			runOnlyForDeploymentPostprocessing = 0;
		};
		F0338D331F5503C000B28AFE /* Sources */ = {
			isa = PBXSourcesBuildPhase;
			buildActionMask = 2147483647;
			files = (
				F0338D3C1F5503C000B28AFE /* TaoBaoShoppingCartTests.m in Sources */,
			);
			runOnlyForDeploymentPostprocessing = 0;
		};
		F0338D3E1F5503C100B28AFE /* Sources */ = {
			isa = PBXSourcesBuildPhase;
			buildActionMask = 2147483647;
			files = (
				F0338D471F5503C100B28AFE /* TaoBaoShoppingCartUITests.m in Sources */,
			);
			runOnlyForDeploymentPostprocessing = 0;
		};
/* End PBXSourcesBuildPhase section */

/* Begin PBXTargetDependency section */
		F0338D391F5503C000B28AFE /* PBXTargetDependency */ = {
			isa = PBXTargetDependency;
			target = F0338D1D1F5503C000B28AFE /* TaoBaoShoppingCart */;
			targetProxy = F0338D381F5503C000B28AFE /* PBXContainerItemProxy */;
		};
		F0338D441F5503C100B28AFE /* PBXTargetDependency */ = {
			isa = PBXTargetDependency;
			target = F0338D1D1F5503C000B28AFE /* TaoBaoShoppingCart */;
			targetProxy = F0338D431F5503C100B28AFE /* PBXContainerItemProxy */;
		};
/* End PBXTargetDependency section */

/* Begin PBXVariantGroup section */
		F0338D2A1F5503C000B28AFE /* Main.storyboard */ = {
			isa = PBXVariantGroup;
			children = (
				F0338D2B1F5503C000B28AFE /* Base */,
			);
			name = Main.storyboard;
			sourceTree = "<group>";
		};
		F0338D2F1F5503C000B28AFE /* LaunchScreen.storyboard */ = {
			isa = PBXVariantGroup;
			children = (
				F0338D301F5503C000B28AFE /* Base */,
			);
			name = LaunchScreen.storyboard;
			sourceTree = "<group>";
		};
/* End PBXVariantGroup section */

/* Begin XCBuildConfiguration section */
		F0338D491F5503C100B28AFE /* Debug */ = {
			isa = XCBuildConfiguration;
			buildSettings = {
				ALWAYS_SEARCH_USER_PATHS = NO;
				CLANG_ANALYZER_NONNULL = YES;
				CLANG_ANALYZER_NUMBER_OBJECT_CONVERSION = YES_AGGRESSIVE;
				CLANG_CXX_LANGUAGE_STANDARD = "gnu++0x";
				CLANG_CXX_LIBRARY = "libc++";
				CLANG_ENABLE_MODULES = YES;
				CLANG_ENABLE_OBJC_ARC = YES;
				CLANG_WARN_BOOL_CONVERSION = YES;
				CLANG_WARN_CONSTANT_CONVERSION = YES;
				CLANG_WARN_DIRECT_OBJC_ISA_USAGE = YES_ERROR;
				CLANG_WARN_DOCUMENTATION_COMMENTS = YES;
				CLANG_WARN_EMPTY_BODY = YES;
				CLANG_WARN_ENUM_CONVERSION = YES;
				CLANG_WARN_INFINITE_RECURSION = YES;
				CLANG_WARN_INT_CONVERSION = YES;
				CLANG_WARN_OBJC_ROOT_CLASS = YES_ERROR;
				CLANG_WARN_SUSPICIOUS_MOVE = YES;
				CLANG_WARN_UNREACHABLE_CODE = YES;
				CLANG_WARN__DUPLICATE_METHOD_MATCH = YES;
				"CODE_SIGN_IDENTITY[sdk=iphoneos*]" = "iPhone Developer";
				COPY_PHASE_STRIP = NO;
				DEBUG_INFORMATION_FORMAT = dwarf;
				ENABLE_STRICT_OBJC_MSGSEND = YES;
				ENABLE_TESTABILITY = YES;
				GCC_C_LANGUAGE_STANDARD = gnu99;
				GCC_DYNAMIC_NO_PIC = NO;
				GCC_NO_COMMON_BLOCKS = YES;
				GCC_OPTIMIZATION_LEVEL = 0;
				GCC_PREPROCESSOR_DEFINITIONS = (
					"DEBUG=1",
					"$(inherited)",
				);
				GCC_WARN_64_TO_32_BIT_CONVERSION = YES;
				GCC_WARN_ABOUT_RETURN_TYPE = YES_ERROR;
				GCC_WARN_UNDECLARED_SELECTOR = YES;
				GCC_WARN_UNINITIALIZED_AUTOS = YES_AGGRESSIVE;
				GCC_WARN_UNUSED_FUNCTION = YES;
				GCC_WARN_UNUSED_VARIABLE = YES;
				IPHONEOS_DEPLOYMENT_TARGET = 10.3;
				MTL_ENABLE_DEBUG_INFO = YES;
				ONLY_ACTIVE_ARCH = YES;
				SDKROOT = iphoneos;
			};
			name = Debug;
		};
		F0338D4A1F5503C100B28AFE /* Release */ = {
			isa = XCBuildConfiguration;
			buildSettings = {
				ALWAYS_SEARCH_USER_PATHS = NO;
				CLANG_ANALYZER_NONNULL = YES;
				CLANG_ANALYZER_NUMBER_OBJECT_CONVERSION = YES_AGGRESSIVE;
				CLANG_CXX_LANGUAGE_STANDARD = "gnu++0x";
				CLANG_CXX_LIBRARY = "libc++";
				CLANG_ENABLE_MODULES = YES;
				CLANG_ENABLE_OBJC_ARC = YES;
				CLANG_WARN_BOOL_CONVERSION = YES;
				CLANG_WARN_CONSTANT_CONVERSION = YES;
				CLANG_WARN_DIRECT_OBJC_ISA_USAGE = YES_ERROR;
				CLANG_WARN_DOCUMENTATION_COMMENTS = YES;
				CLANG_WARN_EMPTY_BODY = YES;
				CLANG_WARN_ENUM_CONVERSION = YES;
				CLANG_WARN_INFINITE_RECURSION = YES;
				CLANG_WARN_INT_CONVERSION = YES;
				CLANG_WARN_OBJC_ROOT_CLASS = YES_ERROR;
				CLANG_WARN_SUSPICIOUS_MOVE = YES;
				CLANG_WARN_UNREACHABLE_CODE = YES;
				CLANG_WARN__DUPLICATE_METHOD_MATCH = YES;
				"CODE_SIGN_IDENTITY[sdk=iphoneos*]" = "iPhone Developer";
				COPY_PHASE_STRIP = NO;
				DEBUG_INFORMATION_FORMAT = "dwarf-with-dsym";
				ENABLE_NS_ASSERTIONS = NO;
				ENABLE_STRICT_OBJC_MSGSEND = YES;
				GCC_C_LANGUAGE_STANDARD = gnu99;
				GCC_NO_COMMON_BLOCKS = YES;
				GCC_WARN_64_TO_32_BIT_CONVERSION = YES;
				GCC_WARN_ABOUT_RETURN_TYPE = YES_ERROR;
				GCC_WARN_UNDECLARED_SELECTOR = YES;
				GCC_WARN_UNINITIALIZED_AUTOS = YES_AGGRESSIVE;
				GCC_WARN_UNUSED_FUNCTION = YES;
				GCC_WARN_UNUSED_VARIABLE = YES;
				IPHONEOS_DEPLOYMENT_TARGET = 10.3;
				MTL_ENABLE_DEBUG_INFO = NO;
				SDKROOT = iphoneos;
				VALIDATE_PRODUCT = YES;
			};
			name = Release;
		};
		F0338D4C1F5503C100B28AFE /* Debug */ = {
			isa = XCBuildConfiguration;
			buildSettings = {
				ASSETCATALOG_COMPILER_APPICON_NAME = AppIcon;
				DEVELOPMENT_TEAM = 35L7CBZD9J;
				INFOPLIST_FILE = TaoBaoShoppingCart/Info.plist;
				LD_RUNPATH_SEARCH_PATHS = "$(inherited) @executable_path/Frameworks";
				PRODUCT_BUNDLE_IDENTIFIER = com.yxl.TaoBaoShoppingCart;
				PRODUCT_NAME = "$(TARGET_NAME)";
			};
			name = Debug;
		};
		F0338D4D1F5503C100B28AFE /* Release */ = {
			isa = XCBuildConfiguration;
			buildSettings = {
				ASSETCATALOG_COMPILER_APPICON_NAME = AppIcon;
				DEVELOPMENT_TEAM = 35L7CBZD9J;
				INFOPLIST_FILE = TaoBaoShoppingCart/Info.plist;
				LD_RUNPATH_SEARCH_PATHS = "$(inherited) @executable_path/Frameworks";
				PRODUCT_BUNDLE_IDENTIFIER = com.yxl.TaoBaoShoppingCart;
				PRODUCT_NAME = "$(TARGET_NAME)";
			};
			name = Release;
		};
		F0338D4F1F5503C100B28AFE /* Debug */ = {
			isa = XCBuildConfiguration;
			buildSettings = {
				BUNDLE_LOADER = "$(TEST_HOST)";
				DEVELOPMENT_TEAM = 35L7CBZD9J;
				INFOPLIST_FILE = TaoBaoShoppingCartTests/Info.plist;
				LD_RUNPATH_SEARCH_PATHS = "$(inherited) @executable_path/Frameworks @loader_path/Frameworks";
				PRODUCT_BUNDLE_IDENTIFIER = com.yxl.TaoBaoShoppingCartTests;
				PRODUCT_NAME = "$(TARGET_NAME)";
				TEST_HOST = "$(BUILT_PRODUCTS_DIR)/TaoBaoShoppingCart.app/TaoBaoShoppingCart";
			};
			name = Debug;
		};
		F0338D501F5503C100B28AFE /* Release */ = {
			isa = XCBuildConfiguration;
			buildSettings = {
				BUNDLE_LOADER = "$(TEST_HOST)";
				DEVELOPMENT_TEAM = 35L7CBZD9J;
				INFOPLIST_FILE = TaoBaoShoppingCartTests/Info.plist;
				LD_RUNPATH_SEARCH_PATHS = "$(inherited) @executable_path/Frameworks @loader_path/Frameworks";
				PRODUCT_BUNDLE_IDENTIFIER = com.yxl.TaoBaoShoppingCartTests;
				PRODUCT_NAME = "$(TARGET_NAME)";
				TEST_HOST = "$(BUILT_PRODUCTS_DIR)/TaoBaoShoppingCart.app/TaoBaoShoppingCart";
			};
			name = Release;
		};
		F0338D521F5503C100B28AFE /* Debug */ = {
			isa = XCBuildConfiguration;
			buildSettings = {
				DEVELOPMENT_TEAM = 35L7CBZD9J;
				INFOPLIST_FILE = TaoBaoShoppingCartUITests/Info.plist;
				LD_RUNPATH_SEARCH_PATHS = "$(inherited) @executable_path/Frameworks @loader_path/Frameworks";
				PRODUCT_BUNDLE_IDENTIFIER = com.yxl.TaoBaoShoppingCartUITests;
				PRODUCT_NAME = "$(TARGET_NAME)";
				TEST_TARGET_NAME = TaoBaoShoppingCart;
			};
			name = Debug;
		};
		F0338D531F5503C100B28AFE /* Release */ = {
			isa = XCBuildConfiguration;
			buildSettings = {
				DEVELOPMENT_TEAM = 35L7CBZD9J;
				INFOPLIST_FILE = TaoBaoShoppingCartUITests/Info.plist;
				LD_RUNPATH_SEARCH_PATHS = "$(inherited) @executable_path/Frameworks @loader_path/Frameworks";
				PRODUCT_BUNDLE_IDENTIFIER = com.yxl.TaoBaoShoppingCartUITests;
				PRODUCT_NAME = "$(TARGET_NAME)";
				TEST_TARGET_NAME = TaoBaoShoppingCart;
			};
			name = Release;
		};
/* End XCBuildConfiguration section */

/* Begin XCConfigurationList section */
		F0338D191F5503C000B28AFE /* Build configuration list for PBXProject "TaoBaoShoppingCart" */ = {
			isa = XCConfigurationList;
			buildConfigurations = (
				F0338D491F5503C100B28AFE /* Debug */,
				F0338D4A1F5503C100B28AFE /* Release */,
			);
			defaultConfigurationIsVisible = 0;
			defaultConfigurationName = Release;
		};
		F0338D4B1F5503C100B28AFE /* Build configuration list for PBXNativeTarget "TaoBaoShoppingCart" */ = {
			isa = XCConfigurationList;
			buildConfigurations = (
				F0338D4C1F5503C100B28AFE /* Debug */,
				F0338D4D1F5503C100B28AFE /* Release */,
			);
			defaultConfigurationIsVisible = 0;
			defaultConfigurationName = Release;
		};
		F0338D4E1F5503C100B28AFE /* Build configuration list for PBXNativeTarget "TaoBaoShoppingCartTests" */ = {
			isa = XCConfigurationList;
			buildConfigurations = (
				F0338D4F1F5503C100B28AFE /* Debug */,
				F0338D501F5503C100B28AFE /* Release */,
			);
			defaultConfigurationIsVisible = 0;
			defaultConfigurationName = Release;
		};
		F0338D511F5503C100B28AFE /* Build configuration list for PBXNativeTarget "TaoBaoShoppingCartUITests" */ = {
			isa = XCConfigurationList;
			buildConfigurations = (
				F0338D521F5503C100B28AFE /* Debug */,
				F0338D531F5503C100B28AFE /* Release */,
			);
			defaultConfigurationIsVisible = 0;
			defaultConfigurationName = Release;
		};
/* End XCConfigurationList section */
	};
	rootObject = F0338D161F5503C000B28AFE /* Project object */;
}
